{
  "name": "PathTracker",
  "lockfileVersion": 3,
  "requires": true,
  "packages": {
    "": {
      "dependencies": {
        "@react-native-community/masked-view": "^0.1.11",
        "react-navigation-material-bottom-tabs": "^2.3.5"
      }
    },
    "node_modules/@react-native-community/masked-view": {
      "version": "0.1.11",
      "resolved": "https://registry.npmjs.org/@react-native-community/masked-view/-/masked-view-0.1.11.tgz",
      "integrity": "sha512-rQfMIGSR/1r/SyN87+VD8xHHzDYeHaJq6elOSCAD+0iLagXkSI2pfA0LmSXP21uw5i3em7GkkRjfJ8wpqWXZNw==",
      "deprecated": "Repository was moved to @react-native-masked-view/masked-view",
      "peerDependencies": {
        "react": ">=16.0",
        "react-native": ">=0.57"
      }
    },
    "node_modules/react-navigation-material-bottom-tabs": {
      "version": "2.3.5",
      "resolved": "https://registry.npmjs.org/react-navigation-material-bottom-tabs/-/react-navigation-material-bottom-tabs-2.3.5.tgz",
      "integrity": "sha512-l5yHbzSNaSqT11MDtji48zDwWvJ3IbxeERsNigwMg79fZ0jWpz13LfdEZRBL7yUc5BjSljR5eQIudPGkZQW9YQ==",
      "deprecated": "This package is no longer supported. Please use @react-navigation/material-bottom-tabs instead. See https://reactnavigation.org/docs/material-bottom-tab-navigator/ for usage guide",
      "peerDependencies": {
        "react": "*",
        "react-native": "*",
        "react-native-paper": "^2.2.2 || ^3.0.0",
        "react-navigation": "^4.1.1"
      }
    }
  }
}
